
Microsoft Visual Studio Solution File, Format Version 12.00
# Visual Studio Version 17
VisualStudioVersion = 17.5.33516.290
MinimumVisualStudioVersion = 10.0.40219.1
Project("{888888A0-9F3D-457C-B088-3A5042F75D52}") = "Encryption Project", "Encryption Project\Encryption Project.pyproj", "{0FBDAFB6-C285-4764-A75F-BFE6762733D7}"
EndProject
Global
	GlobalSection(SolutionConfigurationPlatforms) = preSolution
		Debug|Any CPU = Debug|Any CPU
		Release|Any CPU = Release|Any CPU
	EndGlobalSection
	GlobalSection(ProjectConfigurationPlatforms) = postSolution
		{0FBDAFB6-C285-4764-A75F-BFE6762733D7}.Debug|Any CPU.ActiveCfg = Debug|Any CPU
		{0FBDAFB6-C285-4764-A75F-BFE6762733D7}.Release|Any CPU.ActiveCfg = Release|Any CPU
	EndGlobalSection
	GlobalSection(SolutionProperties) = preSolution
		HideSolutionNode = FALSE
	EndGlobalSection
	GlobalSection(ExtensibilityGlobals) = postSolution
		SolutionGuid = {96B009A2-AD07-40DC-9011-E4C019925643}
	EndGlobalSection
EndGlobal
